
Microsoft Visual Studio Solution File, Format Version 12.00
# Visual Studio Version 16
VisualStudioVersion = 16.0.31105.61
MinimumVisualStudioVersion = 10.0.40219.1
Project("{FAE04EC0-301F-11D3-BF4B-00C04F79EFBC}") = "BencmarkTest", "BencmarkTest\BencmarkTest.csproj", "{AFC8A51E-B0BB-4982-8452-951CAE9B0DD4}"
EndProject
Global
	GlobalSection(SolutionConfigurationPlatforms) = preSolution
		Debug|Any CPU = Debug|Any CPU
		Release|Any CPU = Release|Any CPU
	EndGlobalSection
	GlobalSection(ProjectConfigurationPlatforms) = postSolution
		{AFC8A51E-B0BB-4982-8452-951CAE9B0DD4}.Debug|Any CPU.ActiveCfg = Debug|Any CPU
		{AFC8A51E-B0BB-4982-8452-951CAE9B0DD4}.Debug|Any CPU.Build.0 = Debug|Any CPU
		{AFC8A51E-B0BB-4982-8452-951CAE9B0DD4}.Release|Any CPU.ActiveCfg = Release|Any CPU
		{AFC8A51E-B0BB-4982-8452-951CAE9B0DD4}.Release|Any CPU.Build.0 = Release|Any CPU
	EndGlobalSection
	GlobalSection(SolutionProperties) = preSolution
		HideSolutionNode = FALSE
	EndGlobalSection
	GlobalSection(ExtensibilityGlobals) = postSolution
		SolutionGuid = {55D50A24-FE02-4FD6-80A0-C5782A628F64}
	EndGlobalSection
EndGlobal
